
Microsoft Visual Studio Solution File, Format Version 12.00
# Visual Studio Version 17
VisualStudioVersion = 17.14.36429.23 d17.14
MinimumVisualStudioVersion = 10.0.40219.1
Project("{FAE04EC0-301F-11D3-BF4B-00C04F79EFBC}") = "plohoe_TZ_result_HZ", "plohoe_TZ_result_HZ.csproj", "{75242EAD-12C5-49AA-9E66-E6D655477A39}"
EndProject
Global
	GlobalSection(SolutionConfigurationPlatforms) = preSolution
		Debug|Any CPU = Debug|Any CPU
		Release|Any CPU = Release|Any CPU
	EndGlobalSection
	GlobalSection(ProjectConfigurationPlatforms) = postSolution
		{75242EAD-12C5-49AA-9E66-E6D655477A39}.Debug|Any CPU.ActiveCfg = Debug|Any CPU
		{75242EAD-12C5-49AA-9E66-E6D655477A39}.Debug|Any CPU.Build.0 = Debug|Any CPU
		{75242EAD-12C5-49AA-9E66-E6D655477A39}.Release|Any CPU.ActiveCfg = Release|Any CPU
		{75242EAD-12C5-49AA-9E66-E6D655477A39}.Release|Any CPU.Build.0 = Release|Any CPU
	EndGlobalSection
	GlobalSection(SolutionProperties) = preSolution
		HideSolutionNode = FALSE
	EndGlobalSection
	GlobalSection(ExtensibilityGlobals) = postSolution
		SolutionGuid = {B5B11248-DD15-40B8-9F23-02FB3627D80F}
	EndGlobalSection
EndGlobal
